// !$*UTF8*$!
{
	archiveVersion = 1;
	classes = {
	};
	objectVersion = 46;
	objects = {

/* Begin PBXBuildFile section */
		1CCD72911DF79E7F008DC4C5 /* AppDelegate.swift in Sources */ = {isa = PBXBuildFile; fileRef = 1CCD72901DF79E7F008DC4C5 /* AppDelegate.swift */; };
		1CCD72931DF79E7F008DC4C5 /* ViewController.swift in Sources */ = {isa = PBXBuildFile; fileRef = 1CCD72921DF79E7F008DC4C5 /* ViewController.swift */; };
		1CCD72961DF79E7F008DC4C5 /* Main.storyboard in Resources */ = {isa = PBXBuildFile; fileRef = 1CCD72941DF79E7F008DC4C5 /* Main.storyboard */; };
		1CCD72991DF79E7F008DC4C5 /* InspirationCollector.xcdatamodeld in Sources */ = {isa = PBXBuildFile; fileRef = 1CCD72971DF79E7F008DC4C5 /* InspirationCollector.xcdatamodeld */; };
		1CCD729B1DF79E7F008DC4C5 /* Assets.xcassets in Resources */ = {isa = PBXBuildFile; fileRef = 1CCD729A1DF79E7F008DC4C5 /* Assets.xcassets */; };
		1CCD729E1DF79E7F008DC4C5 /* LaunchScreen.storyboard in Resources */ = {isa = PBXBuildFile; fileRef = 1CCD729C1DF79E7F008DC4C5 /* LaunchScreen.storyboard */; };
/* End PBXBuildFile section */

/* Begin PBXFileReference section */
		1CCD728D1DF79E7F008DC4C5 /* InspirationCollector.app */ = {isa = PBXFileReference; explicitFileType = wrapper.application; includeInIndex = 0; path = InspirationCollector.app; sourceTree = BUILT_PRODUCTS_DIR; };
		1CCD72901DF79E7F008DC4C5 /* AppDelegate.swift */ = {isa = PBXFileReference; lastKnownFileType = sourcecode.swift; path = AppDelegate.swift; sourceTree = "<group>"; };
		1CCD72921DF79E7F008DC4C5 /* ViewController.swift */ = {isa = PBXFileReference; lastKnownFileType = sourcecode.swift; path = ViewController.swift; sourceTree = "<group>"; };
		1CCD72951DF79E7F008DC4C5 /* Base */ = {isa = PBXFileReference; lastKnownFileType = file.storyboard; name = Base; path = Base.lproj/Main.storyboard; sourceTree = "<group>"; };
		1CCD72981DF79E7F008DC4C5 /* InspirationCollector.xcdatamodel */ = {isa = PBXFileReference; lastKnownFileType = wrapper.xcdatamodel; path = InspirationCollector.xcdatamodel; sourceTree = "<group>"; };
		1CCD729A1DF79E7F008DC4C5 /* Assets.xcassets */ = {isa = PBXFileReference; lastKnownFileType = folder.assetcatalog; path = Assets.xcassets; sourceTree = "<group>"; };
		1CCD729D1DF79E7F008DC4C5 /* Base */ = {isa = PBXFileReference; lastKnownFileType = file.storyboard; name = Base; path = Base.lproj/LaunchScreen.storyboard; sourceTree = "<group>"; };
		1CCD729F1DF79E7F008DC4C5 /* Info.plist */ = {isa = PBXFileReference; lastKnownFileType = text.plist.xml; path = Info.plist; sourceTree = "<group>"; };
/* End PBXFileReference section */

/* Begin PBXFrameworksBuildPhase section */
		1CCD728A1DF79E7F008DC4C5 /* Frameworks */ = {
			isa = PBXFrameworksBuildPhase;
			buildActionMask = 2147483647;
			files = (
			);
			runOnlyForDeploymentPostprocessing = 0;
		};
/* End PBXFrameworksBuildPhase section */

/* Begin PBXGroup section */
		1CCD72841DF79E7F008DC4C5 = {
			isa = PBXGroup;
			children = (
				1CCD728F1DF79E7F008DC4C5 /* InspirationCollector */,
				1CCD728E1DF79E7F008DC4C5 /* Products */,
			);
			sourceTree = "<group>";
		};
		1CCD728E1DF79E7F008DC4C5 /* Products */ = {
			isa = PBXGroup;
			children = (
				1CCD728D1DF79E7F008DC4C5 /* InspirationCollector.app */,
			);
			name = Products;
			sourceTree = "<group>";
		};
		1CCD728F1DF79E7F008DC4C5 /* InspirationCollector */ = {
			isa = PBXGroup;
			children = (
				1CCD72901DF79E7F008DC4C5 /* AppDelegate.swift */,
				1CCD72921DF79E7F008DC4C5 /* ViewController.swift */,
				1CCD72941DF79E7F008DC4C5 /* Main.storyboard */,
				1CCD729A1DF79E7F008DC4C5 /* Assets.xcassets */,
				1CCD729C1DF79E7F008DC4C5 /* LaunchScreen.storyboard */,
				1CCD729F1DF79E7F008DC4C5 /* Info.plist */,
				1CCD72971DF79E7F008DC4C5 /* InspirationCollector.xcdatamodeld */,
			);
			path = InspirationCollector;
			sourceTree = "<group>";
		};
/* End PBXGroup section */

/* Begin PBXNativeTarget section */
		1CCD728C1DF79E7F008DC4C5 /* InspirationCollector */ = {
			isa = PBXNativeTarget;
			buildConfigurationList = 1CCD72A21DF79E7F008DC4C5 /* Build configuration list for PBXNativeTarget "InspirationCollector" */;
			buildPhases = (
				1CCD72891DF79E7F008DC4C5 /* Sources */,
				1CCD728A1DF79E7F008DC4C5 /* Frameworks */,
				1CCD728B1DF79E7F008DC4C5 /* Resources */,
			);
			buildRules = (
			);
			dependencies = (
			);
			name = InspirationCollector;
			productName = InspirationCollector;
			productReference = 1CCD728D1DF79E7F008DC4C5 /* InspirationCollector.app */;
			productType = "com.apple.product-type.application";
		};
/* End PBXNativeTarget section */

/* Begin PBXProject section */
		1CCD72851DF79E7F008DC4C5 /* Project object */ = {
			isa = PBXProject;
			attributes = {
				LastSwiftUpdateCheck = 0810;
				LastUpgradeCheck = 0810;
				ORGANIZATIONNAME = tinySEED;
				TargetAttributes = {
					1CCD728C1DF79E7F008DC4C5 = {
						CreatedOnToolsVersion = 8.1;
						ProvisioningStyle = Automatic;
					};
				};
			};
			buildConfigurationList = 1CCD72881DF79E7F008DC4C5 /* Build configuration list for PBXProject "InspirationCollector" */;
			compatibilityVersion = "Xcode 3.2";
			developmentRegion = English;
			hasScannedForEncodings = 0;
			knownRegions = (
				en,
				Base,
			);
			mainGroup = 1CCD72841DF79E7F008DC4C5;
			productRefGroup = 1CCD728E1DF79E7F008DC4C5 /* Products */;
			projectDirPath = "";
			projectRoot = "";
			targets = (
				1CCD728C1DF79E7F008DC4C5 /* InspirationCollector */,
			);
		};
/* End PBXProject section */

/* Begin PBXResourcesBuildPhase section */
		1CCD728B1DF79E7F008DC4C5 /* Resources */ = {
			isa = PBXResourcesBuildPhase;
			buildActionMask = 2147483647;
			files = (
				1CCD729E1DF79E7F008DC4C5 /* LaunchScreen.storyboard in Resources */,
				1CCD729B1DF79E7F008DC4C5 /* Assets.xcassets in Resources */,
				1CCD72961DF79E7F008DC4C5 /* Main.storyboard in Resources */,
			);
			runOnlyForDeploymentPostprocessing = 0;
		};
/* End PBXResourcesBuildPhase section */

/* Begin PBXSourcesBuildPhase section */
		1CCD72891DF79E7F008DC4C5 /* Sources */ = {
			isa = PBXSourcesBuildPhase;
			buildActionMask = 2147483647;
			files = (
				1CCD72991DF79E7F008DC4C5 /* InspirationCollector.xcdatamodeld in Sources */,
				1CCD72931DF79E7F008DC4C5 /* ViewController.swift in Sources */,
				1CCD72911DF79E7F008DC4C5 /* AppDelegate.swift in Sources */,
			);
			runOnlyForDeploymentPostprocessing = 0;
		};
/* End PBXSourcesBuildPhase section */

/* Begin PBXVariantGroup section */
		1CCD72941DF79E7F008DC4C5 /* Main.storyboard */ = {
			isa = PBXVariantGroup;
			children = (
				1CCD72951DF79E7F008DC4C5 /* Base */,
			);
			name = Main.storyboard;
			sourceTree = "<group>";
		};
		1CCD729C1DF79E7F008DC4C5 /* LaunchScreen.storyboard */ = {
			isa = PBXVariantGroup;
			children = (
				1CCD729D1DF79E7F008DC4C5 /* Base */,
			);
			name = LaunchScreen.storyboard;
			sourceTree = "<group>";
		};
/* End PBXVariantGroup section */

/* Begin XCBuildConfiguration section */
		1CCD72A01DF79E7F008DC4C5 /* Debug */ = {
			isa = XCBuildConfiguration;
			buildSettings = {
				ALWAYS_SEARCH_USER_PATHS = NO;
				CLANG_ANALYZER_NONNULL = YES;
				CLANG_CXX_LANGUAGE_STANDARD = "gnu++0x";
				CLANG_CXX_LIBRARY = "libc++";
				CLANG_ENABLE_MODULES = YES;
				CLANG_ENABLE_OBJC_ARC = YES;
				CLANG_WARN_BOOL_CONVERSION = YES;
				CLANG_WARN_CONSTANT_CONVERSION = YES;
				CLANG_WARN_DIRECT_OBJC_ISA_USAGE = YES_ERROR;
				CLANG_WARN_DOCUMENTATION_COMMENTS = YES;
				CLANG_WARN_EMPTY_BODY = YES;
				CLANG_WARN_ENUM_CONVERSION = YES;
				CLANG_WARN_INFINITE_RECURSION = YES;
				CLANG_WARN_INT_CONVERSION = YES;
				CLANG_WARN_OBJC_ROOT_CLASS = YES_ERROR;
				CLANG_WARN_SUSPICIOUS_MOVES = YES;
				CLANG_WARN_UNREACHABLE_CODE = YES;
				CLANG_WARN__DUPLICATE_METHOD_MATCH = YES;
				"CODE_SIGN_IDENTITY[sdk=iphoneos*]" = "iPhone Developer";
				COPY_PHASE_STRIP = NO;
				DEBUG_INFORMATION_FORMAT = dwarf;
				ENABLE_STRICT_OBJC_MSGSEND = YES;
				ENABLE_TESTABILITY = YES;
				GCC_C_LANGUAGE_STANDARD = gnu99;
				GCC_DYNAMIC_NO_PIC = NO;
				GCC_NO_COMMON_BLOCKS = YES;
				GCC_OPTIMIZATION_LEVEL = 0;
				GCC_PREPROCESSOR_DEFINITIONS = (
					"DEBUG=1",
					"$(inherited)",
				);
				GCC_WARN_64_TO_32_BIT_CONVERSION = YES;
				GCC_WARN_ABOUT_RETURN_TYPE = YES_ERROR;
				GCC_WARN_UNDECLARED_SELECTOR = YES;
				GCC_WARN_UNINITIALIZED_AUTOS = YES_AGGRESSIVE;
				GCC_WARN_UNUSED_FUNCTION = YES;
				GCC_WARN_UNUSED_VARIABLE = YES;
				IPHONEOS_DEPLOYMENT_TARGET = 10.1;
				MTL_ENABLE_DEBUG_INFO = YES;
				ONLY_ACTIVE_ARCH = YES;
				SDKROOT = iphoneos;
				SWIFT_ACTIVE_COMPILATION_CONDITIONS = DEBUG;
				SWIFT_OPTIMIZATION_LEVEL = "-Onone";
				TARGETED_DEVICE_FAMILY = "1,2";
			};
			name = Debug;
		};
		1CCD72A11DF79E7F008DC4C5 /* Release */ = {
			isa = XCBuildConfiguration;
			buildSettings = {
				ALWAYS_SEARCH_USER_PATHS = NO;
				CLANG_ANALYZER_NONNULL = YES;
				CLANG_CXX_LANGUAGE_STANDARD = "gnu++0x";
				CLANG_CXX_LIBRARY = "libc++";
				CLANG_ENABLE_MODULES = YES;
				CLANG_ENABLE_OBJC_ARC = YES;
				CLANG_WARN_BOOL_CONVERSION = YES;
				CLANG_WARN_CONSTANT_CONVERSION = YES;
				CLANG_WARN_DIRECT_OBJC_ISA_USAGE = YES_ERROR;
				CLANG_WARN_DOCUMENTATION_COMMENTS = YES;
				CLANG_WARN_EMPTY_BODY = YES;
				CLANG_WARN_ENUM_CONVERSION = YES;
				CLANG_WARN_INFINITE_RECURSION = YES;
				CLANG_WARN_INT_CONVERSION = YES;
				CLANG_WARN_OBJC_ROOT_CLASS = YES_ERROR;
				CLANG_WARN_SUSPICIOUS_MOVES = YES;
				CLANG_WARN_UNREACHABLE_CODE = YES;
				CLANG_WARN__DUPLICATE_METHOD_MATCH = YES;
				"CODE_SIGN_IDENTITY[sdk=iphoneos*]" = "iPhone Developer";
				COPY_PHASE_STRIP = NO;
				DEBUG_INFORMATION_FORMAT = "dwarf-with-dsym";
				ENABLE_NS_ASSERTIONS = NO;
				ENABLE_STRICT_OBJC_MSGSEND = YES;
				GCC_C_LANGUAGE_STANDARD = gnu99;
				GCC_NO_COMMON_BLOCKS = YES;
				GCC_WARN_64_TO_32_BIT_CONVERSION = YES;
				GCC_WARN_ABOUT_RETURN_TYPE = YES_ERROR;
				GCC_WARN_UNDECLARED_SELECTOR = YES;
				GCC_WARN_UNINITIALIZED_AUTOS = YES_AGGRESSIVE;
				GCC_WARN_UNUSED_FUNCTION = YES;
				GCC_WARN_UNUSED_VARIABLE = YES;
				IPHONEOS_DEPLOYMENT_TARGET = 10.1;
				MTL_ENABLE_DEBUG_INFO = NO;
				SDKROOT = iphoneos;
				SWIFT_OPTIMIZATION_LEVEL = "-Owholemodule";
				TARGETED_DEVICE_FAMILY = "1,2";
				VALIDATE_PRODUCT = YES;
			};
			name = Release;
		};
		1CCD72A31DF79E7F008DC4C5 /* Debug */ = {
			isa = XCBuildConfiguration;
			buildSettings = {
				ASSETCATALOG_COMPILER_APPICON_NAME = AppIcon;
				INFOPLIST_FILE = InspirationCollector/Info.plist;
				LD_RUNPATH_SEARCH_PATHS = "$(inherited) @executable_path/Frameworks";
				PRODUCT_BUNDLE_IDENTIFIER = com.tinyseed.InspirationCollector;
				PRODUCT_NAME = "$(TARGET_NAME)";
				SWIFT_VERSION = 3.0;
			};
			name = Debug;
		};
		1CCD72A41DF79E7F008DC4C5 /* Release */ = {
			isa = XCBuildConfiguration;
			buildSettings = {
				ASSETCATALOG_COMPILER_APPICON_NAME = AppIcon;
				INFOPLIST_FILE = InspirationCollector/Info.plist;
				LD_RUNPATH_SEARCH_PATHS = "$(inherited) @executable_path/Frameworks";
				PRODUCT_BUNDLE_IDENTIFIER = com.tinyseed.InspirationCollector;
				PRODUCT_NAME = "$(TARGET_NAME)";
				SWIFT_VERSION = 3.0;
			};
			name = Release;
		};
/* End XCBuildConfiguration section */

/* Begin XCConfigurationList section */
		1CCD72881DF79E7F008DC4C5 /* Build configuration list for PBXProject "InspirationCollector" */ = {
			isa = XCConfigurationList;
			buildConfigurations = (
				1CCD72A01DF79E7F008DC4C5 /* Debug */,
				1CCD72A11DF79E7F008DC4C5 /* Release */,
			);
			defaultConfigurationIsVisible = 0;
			defaultConfigurationName = Release;
		};
		1CCD72A21DF79E7F008DC4C5 /* Build configuration list for PBXNativeTarget "InspirationCollector" */ = {
			isa = XCConfigurationList;
			buildConfigurations = (
				1CCD72A31DF79E7F008DC4C5 /* Debug */,
				1CCD72A41DF79E7F008DC4C5 /* Release */,
			);
			defaultConfigurationIsVisible = 0;
		};
/* End XCConfigurationList section */

/* Begin XCVersionGroup section */
		1CCD72971DF79E7F008DC4C5 /* InspirationCollector.xcdatamodeld */ = {
			isa = XCVersionGroup;
			children = (
				1CCD72981DF79E7F008DC4C5 /* InspirationCollector.xcdatamodel */,
			);
			currentVersion = 1CCD72981DF79E7F008DC4C5 /* InspirationCollector.xcdatamodel */;
			path = InspirationCollector.xcdatamodeld;
			sourceTree = "<group>";
			versionGroupType = wrapper.xcdatamodel;
		};
/* End XCVersionGroup section */
	};
	rootObject = 1CCD72851DF79E7F008DC4C5 /* Project object */;
}
